
Microsoft Visual Studio Solution File, Format Version 12.00
# Visual Studio 15
VisualStudioVersion = 15.0.28307.1622
MinimumVisualStudioVersion = 10.0.40219.1
Project("{FAE04EC0-301F-11D3-BF4B-00C04F79EFBC}") = "WorstGearFirst", "WorstGearFirst.csproj", "{C4CB4897-D7F8-4F63-AC56-42EA6D05CE3C}"
EndProject
Global
	GlobalSection(SolutionConfigurationPlatforms) = preSolution
		Debug|Any CPU = Debug|Any CPU
		Release|Any CPU = Release|Any CPU
	EndGlobalSection
	GlobalSection(ProjectConfigurationPlatforms) = postSolution
		{C4CB4897-D7F8-4F63-AC56-42EA6D05CE3C}.Debug|Any CPU.ActiveCfg = Debug|Any CPU
		{C4CB4897-D7F8-4F63-AC56-42EA6D05CE3C}.Debug|Any CPU.Build.0 = Debug|Any CPU
		{C4CB4897-D7F8-4F63-AC56-42EA6D05CE3C}.Release|Any CPU.ActiveCfg = Release|Any CPU
		{C4CB4897-D7F8-4F63-AC56-42EA6D05CE3C}.Release|Any CPU.Build.0 = Release|Any CPU
	EndGlobalSection
	GlobalSection(SolutionProperties) = preSolution
		HideSolutionNode = FALSE
	EndGlobalSection
	GlobalSection(ExtensibilityGlobals) = postSolution
		SolutionGuid = {2CEA9542-31E1-4B3D-9527-CD0293AA108D}
	EndGlobalSection
EndGlobal
